PODS:
  - AsyncDisplayKit (2.0-beta.1):
    - AsyncDisplayKit/PINRemoteImage (= 2.0-beta.1)
  - AsyncDisplayKit/ASDealloc2MainObject (2.0-beta.1)
  - AsyncDisplayKit/Core (2.0-beta.1):
    - AsyncDisplayKit/ASDealloc2MainObject
  - AsyncDisplayKit/PINRemoteImage (2.0-beta.1):
    - AsyncDisplayKit/Core
    - PINRemoteImage/iOS (>= 3.0.0-beta.3)
  - PINCache (3.0.1-beta)
  - PINRemoteImage/Core (3.0.0-beta.3):
    - PINCache (>= 3.0.0-beta)
  - PINRemoteImage/iOS (3.0.0-beta.3):
    - PINRemoteImage/Core
  - pop (1.0.9)

DEPENDENCIES:
  - AsyncDisplayKit (from `git@github.com:facebook/AsyncDisplayKit.git`)
  - pop (~> 1.0)

EXTERNAL SOURCES:
  AsyncDisplayKit:
    :git: git@github.com:facebook/AsyncDisplayKit.git

CHECKOUT OPTIONS:
  AsyncDisplayKit:
    :commit: 8c2f3f666f8eb6f4abf238d7961569864beb2894
    :git: git@github.com:facebook/AsyncDisplayKit.git

SPEC CHECKSUMS:
  AsyncDisplayKit: 0bc09eccc8627e05983b89b9b01daf749c552eeb
  PINCache: 6911fe422a633e18b3d3ddf2bd4f0e55e36e2892
  PINRemoteImage: 308731aa6534500e58fc211b9cc2bb7252df25ba
  pop: f667631a5108a2e60d9e8797c9b32ddaf2080bce

PODFILE CHECKSUM: 264ef70d235e0104e543be372cb885a99bac8b72

COCOAPODS: 1.0.1
